{
    "_readme": [
        "This file locks the dependencies of your project to a known state",
        "Read more about it at http://getcomposer.org/doc/01-basic-usage.md#composer-lock-the-lock-file",
        "This file is @generated automatically"
    ],
    "hash": "61eebbe8f2e941239740c258ebe5290d",
    "packages": [
        {
            "name": "novutec/domainparser",
            "version": "2.0.5",
            "source": {
                "type": "git",
                "url": "https://github.com/3name/DomainParser.git",
                "reference": "c5d0d845e5a88e1c28c9caa78d8834c340f19893"
            },
            "dist": {
                "type": "zip",
                "url": "https://api.github.com/repos/3name/DomainParser/zipball/c5d0d845e5a88e1c28c9caa78d8834c340f19893",
                "reference": "c5d0d845e5a88e1c28c9caa78d8834c340f19893",
                "shasum": ""
            },
            "type": "library",
            "autoload": {
                "classmap": [
                    "Parser.php"
                ]
            },
            "notification-url": "https://packagist.org/downloads/",
            "license": [
                "Apache-2.0"
            ],
            "description": "A domain name parser to parse and to validate a domain name.",
            "homepage": "https://github.com/3name/DomainParser/",
            "keywords": [
                "domain",
                "domainparser",
                "php"
            ],
            "time": "2015-04-11 21:37:57"
        },
        {
            "name": "novutec/whoisparser",
            "version": "dev-master",
            "source": {
                "type": "git",
                "url": "https://github.com/3name/WhoisParser.git",
                "reference": "90990514295c747d7700b9f72323fee062e07648"
            },
            "dist": {
                "type": "zip",
                "url": "https://api.github.com/repos/3name/WhoisParser/zipball/90990514295c747d7700b9f72323fee062e07648",
                "reference": "90990514295c747d7700b9f72323fee062e07648",
                "shasum": ""
            },
            "require": {
                "novutec/domainparser": ">=2.0.3"
            },
            "type": "library",
            "autoload": {
                "psr-4": {
                    "Novutec\\WhoisParser\\": ""
                }
            },
            "notification-url": "https://packagist.org/downloads/",
            "license": [
                "Apache-2.0"
            ],
            "description": "Lookup domain names, IP addresses and AS numbers by WHOIS.",
            "homepage": "https://github.com/3name/WhoisParser/",
            "keywords": [
                "php",
                "whois",
                "whoisparser"
            ],
            "time": "2015-05-21 19:25:53"
        },
        {
            "name": "phpwhois/idna-convert",
            "version": "v0.9.0",
            "source": {
                "type": "git",
                "url": "https://github.com/phpWhois/idna-convert.git",
                "reference": "663c4b170d4e542946e04840ee212e6c896ac80b"
            },
            "dist": {
                "type": "zip",
                "url": "https://api.github.com/repos/phpWhois/idna-convert/zipball/663c4b170d4e542946e04840ee212e6c896ac80b",
                "reference": "663c4b170d4e542946e04840ee212e6c896ac80b",
                "shasum": ""
            },
            "type": "library",
            "extra": {
                "branch-alias": {
                    "dev-master": "0.9.x-dev"
                }
            },
            "autoload": {
                "files": [
                    "idna_convert.class.php"
                ]
            },
            "notification-url": "https://packagist.org/downloads/",
            "license": [
                "LGPL-2.1"
            ],
            "authors": [
                {
                    "name": "Matthias Sommerfeld",
                    "email": "phlymail@phlylabs.de",
                    "role": "Developer"
                },
                {
                    "name": "Dmitry Lukashin",
                    "email": "dmitry@lukashin.ru",
                    "role": "Maintainer"
                }
            ],
            "description": "idna-convert library based on http://idnaconv.phlymail.de/",
            "homepage": "http://idnaconv.phlymail.de/",
            "keywords": [
                "idn",
                "idna",
                "php"
            ],
            "time": "2015-01-09 03:31:11"
        }
    ],
    "packages-dev": [],
    "aliases": [],
    "minimum-stability": "stable",
    "stability-flags": {
        "novutec/whoisparser": 20
    },
    "prefer-stable": false,
    "platform": [],
    "platform-dev": []
}
